// !$*UTF8*$!
{
	archiveVersion = 1;
	classes = {
	};
	objectVersion = 50;
	objects = {

/* Begin PBXBuildFile section */
		55B4F71525F0756500147847 /* GameStatusButton.swift in Sources */ = {isa = PBXBuildFile; fileRef = 55B4F71425F0756500147847 /* GameStatusButton.swift */; };
		55D882EA25F18D6F00978E16 /* Constants.swift in Sources */ = {isa = PBXBuildFile; fileRef = 55D882E925F18D6F00978E16 /* Constants.swift */; };
		55FCC0D125F0499D009CE20A /* AppDelegate.swift in Sources */ = {isa = PBXBuildFile; fileRef = 55FCC0D025F0499D009CE20A /* AppDelegate.swift */; };
		55FCC0D325F0499D009CE20A /* SceneDelegate.swift in Sources */ = {isa = PBXBuildFile; fileRef = 55FCC0D225F0499D009CE20A /* SceneDelegate.swift */; };
		55FCC0D525F0499D009CE20A /* ContentView.swift in Sources */ = {isa = PBXBuildFile; fileRef = 55FCC0D425F0499D009CE20A /* ContentView.swift */; };
		55FCC0D725F0499E009CE20A /* Assets.xcassets in Resources */ = {isa = PBXBuildFile; fileRef = 55FCC0D625F0499E009CE20A /* Assets.xcassets */; };
		55FCC0DA25F0499E009CE20A /* Preview Assets.xcassets in Resources */ = {isa = PBXBuildFile; fileRef = 55FCC0D925F0499E009CE20A /* Preview Assets.xcassets */; };
		55FCC0DD25F0499E009CE20A /* LaunchScreen.storyboard in Resources */ = {isa = PBXBuildFile; fileRef = 55FCC0DB25F0499E009CE20A /* LaunchScreen.storyboard */; };
		55FCC0EB25F04B1A009CE20A /* Plant.swift in Sources */ = {isa = PBXBuildFile; fileRef = 55FCC0EA25F04B1A009CE20A /* Plant.swift */; };
		55FCC0EE25F04B62009CE20A /* Garden.swift in Sources */ = {isa = PBXBuildFile; fileRef = 55FCC0ED25F04B62009CE20A /* Garden.swift */; };
		55FCC0F125F04EC4009CE20A /* GardenBoardView.swift in Sources */ = {isa = PBXBuildFile; fileRef = 55FCC0F025F04EC4009CE20A /* GardenBoardView.swift */; };
		55FCC0FC25F06719009CE20A /* PlantButtonView.swift in Sources */ = {isa = PBXBuildFile; fileRef = 55FCC0FB25F06719009CE20A /* PlantButtonView.swift */; };
		55FCC10125F074EC009CE20A /* GameState.swift in Sources */ = {isa = PBXBuildFile; fileRef = 55FCC10025F074EC009CE20A /* GameState.swift */; };
/* End PBXBuildFile section */

/* Begin PBXFileReference section */
		55B4F71425F0756500147847 /* GameStatusButton.swift */ = {isa = PBXFileReference; lastKnownFileType = sourcecode.swift; path = GameStatusButton.swift; sourceTree = "<group>"; };
		55D882E925F18D6F00978E16 /* Constants.swift */ = {isa = PBXFileReference; lastKnownFileType = sourcecode.swift; path = Constants.swift; sourceTree = "<group>"; };
		55FCC0CD25F0499D009CE20A /* ConwaysGameOfLife.app */ = {isa = PBXFileReference; explicitFileType = wrapper.application; includeInIndex = 0; path = ConwaysGameOfLife.app; sourceTree = BUILT_PRODUCTS_DIR; };
		55FCC0D025F0499D009CE20A /* AppDelegate.swift */ = {isa = PBXFileReference; lastKnownFileType = sourcecode.swift; path = AppDelegate.swift; sourceTree = "<group>"; };
		55FCC0D225F0499D009CE20A /* SceneDelegate.swift */ = {isa = PBXFileReference; lastKnownFileType = sourcecode.swift; path = SceneDelegate.swift; sourceTree = "<group>"; };
		55FCC0D425F0499D009CE20A /* ContentView.swift */ = {isa = PBXFileReference; lastKnownFileType = sourcecode.swift; path = ContentView.swift; sourceTree = "<group>"; };
		55FCC0D625F0499E009CE20A /* Assets.xcassets */ = {isa = PBXFileReference; lastKnownFileType = folder.assetcatalog; path = Assets.xcassets; sourceTree = "<group>"; };
		55FCC0D925F0499E009CE20A /* Preview Assets.xcassets */ = {isa = PBXFileReference; lastKnownFileType = folder.assetcatalog; path = "Preview Assets.xcassets"; sourceTree = "<group>"; };
		55FCC0DC25F0499E009CE20A /* Base */ = {isa = PBXFileReference; lastKnownFileType = file.storyboard; name = Base; path = Base.lproj/LaunchScreen.storyboard; sourceTree = "<group>"; };
		55FCC0DE25F0499E009CE20A /* Info.plist */ = {isa = PBXFileReference; lastKnownFileType = text.plist.xml; path = Info.plist; sourceTree = "<group>"; };
		55FCC0EA25F04B1A009CE20A /* Plant.swift */ = {isa = PBXFileReference; lastKnownFileType = sourcecode.swift; path = Plant.swift; sourceTree = "<group>"; };
		55FCC0ED25F04B62009CE20A /* Garden.swift */ = {isa = PBXFileReference; lastKnownFileType = sourcecode.swift; path = Garden.swift; sourceTree = "<group>"; };
		55FCC0F025F04EC4009CE20A /* GardenBoardView.swift */ = {isa = PBXFileReference; lastKnownFileType = sourcecode.swift; path = GardenBoardView.swift; sourceTree = "<group>"; };
		55FCC0FB25F06719009CE20A /* PlantButtonView.swift */ = {isa = PBXFileReference; lastKnownFileType = sourcecode.swift; path = PlantButtonView.swift; sourceTree = "<group>"; };
		55FCC10025F074EC009CE20A /* GameState.swift */ = {isa = PBXFileReference; lastKnownFileType = sourcecode.swift; path = GameState.swift; sourceTree = "<group>"; };
/* End PBXFileReference section */

/* Begin PBXFrameworksBuildPhase section */
		55FCC0CA25F0499D009CE20A /* Frameworks */ = {
			isa = PBXFrameworksBuildPhase;
			buildActionMask = 2147483647;
			files = (
			);
			runOnlyForDeploymentPostprocessing = 0;
		};
/* End PBXFrameworksBuildPhase section */

/* Begin PBXGroup section */
		55D882E725F18D6200978E16 /* Support */ = {
			isa = PBXGroup;
			children = (
				55D882E925F18D6F00978E16 /* Constants.swift */,
			);
			path = Support;
			sourceTree = "<group>";
		};
		55FCC0C425F0499D009CE20A = {
			isa = PBXGroup;
			children = (
				55FCC0CF25F0499D009CE20A /* ConwaysGameOfLife */,
				55FCC0CE25F0499D009CE20A /* Products */,
			);
			sourceTree = "<group>";
		};
		55FCC0CE25F0499D009CE20A /* Products */ = {
			isa = PBXGroup;
			children = (
				55FCC0CD25F0499D009CE20A /* ConwaysGameOfLife.app */,
			);
			name = Products;
			sourceTree = "<group>";
		};
		55FCC0CF25F0499D009CE20A /* ConwaysGameOfLife */ = {
			isa = PBXGroup;
			children = (
				55FCC0D025F0499D009CE20A /* AppDelegate.swift */,
				55FCC0D225F0499D009CE20A /* SceneDelegate.swift */,
				55FCC0E525F049B7009CE20A /* Views */,
				55FCC0E725F049BB009CE20A /* Models */,
				55D882E725F18D6200978E16 /* Support */,
				55FCC0D625F0499E009CE20A /* Assets.xcassets */,
				55FCC0DB25F0499E009CE20A /* LaunchScreen.storyboard */,
				55FCC0DE25F0499E009CE20A /* Info.plist */,
				55FCC0D825F0499E009CE20A /* Preview Content */,
			);
			path = ConwaysGameOfLife;
			sourceTree = "<group>";
		};
		55FCC0D825F0499E009CE20A /* Preview Content */ = {
			isa = PBXGroup;
			children = (
				55FCC0D925F0499E009CE20A /* Preview Assets.xcassets */,
			);
			path = "Preview Content";
			sourceTree = "<group>";
		};
		55FCC0E525F049B7009CE20A /* Views */ = {
			isa = PBXGroup;
			children = (
				55FCC0D425F0499D009CE20A /* ContentView.swift */,
				55FCC0F025F04EC4009CE20A /* GardenBoardView.swift */,
				55FCC0FB25F06719009CE20A /* PlantButtonView.swift */,
				55B4F71425F0756500147847 /* GameStatusButton.swift */,
			);
			path = Views;
			sourceTree = "<group>";
		};
		55FCC0E725F049BB009CE20A /* Models */ = {
			isa = PBXGroup;
			children = (
				55FCC0EA25F04B1A009CE20A /* Plant.swift */,
				55FCC0ED25F04B62009CE20A /* Garden.swift */,
				55FCC10025F074EC009CE20A /* GameState.swift */,
			);
			path = Models;
			sourceTree = "<group>";
		};
/* End PBXGroup section */

/* Begin PBXNativeTarget section */
		55FCC0CC25F0499D009CE20A /* ConwaysGameOfLife */ = {
			isa = PBXNativeTarget;
			buildConfigurationList = 55FCC0E125F0499E009CE20A /* Build configuration list for PBXNativeTarget "ConwaysGameOfLife" */;
			buildPhases = (
				55FCC0C925F0499D009CE20A /* Sources */,
				55FCC0CA25F0499D009CE20A /* Frameworks */,
				55FCC0CB25F0499D009CE20A /* Resources */,
			);
			buildRules = (
			);
			dependencies = (
			);
			name = ConwaysGameOfLife;
			productName = ConwaysGameOfLife;
			productReference = 55FCC0CD25F0499D009CE20A /* ConwaysGameOfLife.app */;
			productType = "com.apple.product-type.application";
		};
/* End PBXNativeTarget section */

/* Begin PBXProject section */
		55FCC0C525F0499D009CE20A /* Project object */ = {
			isa = PBXProject;
			attributes = {
				LastSwiftUpdateCheck = 1240;
				LastUpgradeCheck = 1240;
				TargetAttributes = {
					55FCC0CC25F0499D009CE20A = {
						CreatedOnToolsVersion = 12.4;
					};
				};
			};
			buildConfigurationList = 55FCC0C825F0499D009CE20A /* Build configuration list for PBXProject "ConwaysGameOfLife" */;
			compatibilityVersion = "Xcode 9.3";
			developmentRegion = en;
			hasScannedForEncodings = 0;
			knownRegions = (
				en,
				Base,
			);
			mainGroup = 55FCC0C425F0499D009CE20A;
			productRefGroup = 55FCC0CE25F0499D009CE20A /* Products */;
			projectDirPath = "";
			projectRoot = "";
			targets = (
				55FCC0CC25F0499D009CE20A /* ConwaysGameOfLife */,
			);
		};
/* End PBXProject section */

/* Begin PBXResourcesBuildPhase section */
		55FCC0CB25F0499D009CE20A /* Resources */ = {
			isa = PBXResourcesBuildPhase;
			buildActionMask = 2147483647;
			files = (
				55FCC0DD25F0499E009CE20A /* LaunchScreen.storyboard in Resources */,
				55FCC0DA25F0499E009CE20A /* Preview Assets.xcassets in Resources */,
				55FCC0D725F0499E009CE20A /* Assets.xcassets in Resources */,
			);
			runOnlyForDeploymentPostprocessing = 0;
		};
/* End PBXResourcesBuildPhase section */

/* Begin PBXSourcesBuildPhase section */
		55FCC0C925F0499D009CE20A /* Sources */ = {
			isa = PBXSourcesBuildPhase;
			buildActionMask = 2147483647;
			files = (
				55FCC0EE25F04B62009CE20A /* Garden.swift in Sources */,
				55B4F71525F0756500147847 /* GameStatusButton.swift in Sources */,
				55FCC0FC25F06719009CE20A /* PlantButtonView.swift in Sources */,
				55FCC0F125F04EC4009CE20A /* GardenBoardView.swift in Sources */,
				55FCC0D125F0499D009CE20A /* AppDelegate.swift in Sources */,
				55D882EA25F18D6F00978E16 /* Constants.swift in Sources */,
				55FCC0EB25F04B1A009CE20A /* Plant.swift in Sources */,
				55FCC10125F074EC009CE20A /* GameState.swift in Sources */,
				55FCC0D325F0499D009CE20A /* SceneDelegate.swift in Sources */,
				55FCC0D525F0499D009CE20A /* ContentView.swift in Sources */,
			);
			runOnlyForDeploymentPostprocessing = 0;
		};
/* End PBXSourcesBuildPhase section */

/* Begin PBXVariantGroup section */
		55FCC0DB25F0499E009CE20A /* LaunchScreen.storyboard */ = {
			isa = PBXVariantGroup;
			children = (
				55FCC0DC25F0499E009CE20A /* Base */,
			);
			name = LaunchScreen.storyboard;
			sourceTree = "<group>";
		};
/* End PBXVariantGroup section */

/* Begin XCBuildConfiguration section */
		55FCC0DF25F0499E009CE20A /* Debug */ = {
			isa = XCBuildConfiguration;
			buildSettings = {
				ALWAYS_SEARCH_USER_PATHS = NO;
				CLANG_ANALYZER_NONNULL = YES;
				CLANG_ANALYZER_NUMBER_OBJECT_CONVERSION = YES_AGGRESSIVE;
				CLANG_CXX_LANGUAGE_STANDARD = "gnu++14";
				CLANG_CXX_LIBRARY = "libc++";
				CLANG_ENABLE_MODULES = YES;
				CLANG_ENABLE_OBJC_ARC = YES;
				CLANG_ENABLE_OBJC_WEAK = YES;
				CLANG_WARN_BLOCK_CAPTURE_AUTORELEASING = YES;
				CLANG_WARN_BOOL_CONVERSION = YES;
				CLANG_WARN_COMMA = YES;
				CLANG_WARN_CONSTANT_CONVERSION = YES;
				CLANG_WARN_DEPRECATED_OBJC_IMPLEMENTATIONS = YES;
				CLANG_WARN_DIRECT_OBJC_ISA_USAGE = YES_ERROR;
				CLANG_WARN_DOCUMENTATION_COMMENTS = YES;
				CLANG_WARN_EMPTY_BODY = YES;
				CLANG_WARN_ENUM_CONVERSION = YES;
				CLANG_WARN_INFINITE_RECURSION = YES;
				CLANG_WARN_INT_CONVERSION = YES;
				CLANG_WARN_NON_LITERAL_NULL_CONVERSION = YES;
				CLANG_WARN_OBJC_IMPLICIT_RETAIN_SELF = YES;
				CLANG_WARN_OBJC_LITERAL_CONVERSION = YES;
				CLANG_WARN_OBJC_ROOT_CLASS = YES_ERROR;
				CLANG_WARN_QUOTED_INCLUDE_IN_FRAMEWORK_HEADER = YES;
				CLANG_WARN_RANGE_LOOP_ANALYSIS = YES;
				CLANG_WARN_STRICT_PROTOTYPES = YES;
				CLANG_WARN_SUSPICIOUS_MOVE = YES;
				CLANG_WARN_UNGUARDED_AVAILABILITY = YES_AGGRESSIVE;
				CLANG_WARN_UNREACHABLE_CODE = YES;
				CLANG_WARN__DUPLICATE_METHOD_MATCH = YES;
				COPY_PHASE_STRIP = NO;
				DEBUG_INFORMATION_FORMAT = dwarf;
				ENABLE_STRICT_OBJC_MSGSEND = YES;
				ENABLE_TESTABILITY = YES;
				GCC_C_LANGUAGE_STANDARD = gnu11;
				GCC_DYNAMIC_NO_PIC = NO;
				GCC_NO_COMMON_BLOCKS = YES;
				GCC_OPTIMIZATION_LEVEL = 0;
				GCC_PREPROCESSOR_DEFINITIONS = (
					"DEBUG=1",
					"$(inherited)",
				);
				GCC_WARN_64_TO_32_BIT_CONVERSION = YES;
				GCC_WARN_ABOUT_RETURN_TYPE = YES_ERROR;
				GCC_WARN_UNDECLARED_SELECTOR = YES;
				GCC_WARN_UNINITIALIZED_AUTOS = YES_AGGRESSIVE;
				GCC_WARN_UNUSED_FUNCTION = YES;
				GCC_WARN_UNUSED_VARIABLE = YES;
				IPHONEOS_DEPLOYMENT_TARGET = 14.4;
				MTL_ENABLE_DEBUG_INFO = INCLUDE_SOURCE;
				MTL_FAST_MATH = YES;
				ONLY_ACTIVE_ARCH = YES;
				SDKROOT = iphoneos;
				SWIFT_ACTIVE_COMPILATION_CONDITIONS = DEBUG;
				SWIFT_OPTIMIZATION_LEVEL = "-Onone";
			};
			name = Debug;
		};
		55FCC0E025F0499E009CE20A /* Release */ = {
			isa = XCBuildConfiguration;
			buildSettings = {
				ALWAYS_SEARCH_USER_PATHS = NO;
				CLANG_ANALYZER_NONNULL = YES;
				CLANG_ANALYZER_NUMBER_OBJECT_CONVERSION = YES_AGGRESSIVE;
				CLANG_CXX_LANGUAGE_STANDARD = "gnu++14";
				CLANG_CXX_LIBRARY = "libc++";
				CLANG_ENABLE_MODULES = YES;
				CLANG_ENABLE_OBJC_ARC = YES;
				CLANG_ENABLE_OBJC_WEAK = YES;
				CLANG_WARN_BLOCK_CAPTURE_AUTORELEASING = YES;
				CLANG_WARN_BOOL_CONVERSION = YES;
				CLANG_WARN_COMMA = YES;
				CLANG_WARN_CONSTANT_CONVERSION = YES;
				CLANG_WARN_DEPRECATED_OBJC_IMPLEMENTATIONS = YES;
				CLANG_WARN_DIRECT_OBJC_ISA_USAGE = YES_ERROR;
				CLANG_WARN_DOCUMENTATION_COMMENTS = YES;
				CLANG_WARN_EMPTY_BODY = YES;
				CLANG_WARN_ENUM_CONVERSION = YES;
				CLANG_WARN_INFINITE_RECURSION = YES;
				CLANG_WARN_INT_CONVERSION = YES;
				CLANG_WARN_NON_LITERAL_NULL_CONVERSION = YES;
				CLANG_WARN_OBJC_IMPLICIT_RETAIN_SELF = YES;
				CLANG_WARN_OBJC_LITERAL_CONVERSION = YES;
				CLANG_WARN_OBJC_ROOT_CLASS = YES_ERROR;
				CLANG_WARN_QUOTED_INCLUDE_IN_FRAMEWORK_HEADER = YES;
				CLANG_WARN_RANGE_LOOP_ANALYSIS = YES;
				CLANG_WARN_STRICT_PROTOTYPES = YES;
				CLANG_WARN_SUSPICIOUS_MOVE = YES;
				CLANG_WARN_UNGUARDED_AVAILABILITY = YES_AGGRESSIVE;
				CLANG_WARN_UNREACHABLE_CODE = YES;
				CLANG_WARN__DUPLICATE_METHOD_MATCH = YES;
				COPY_PHASE_STRIP = NO;
				DEBUG_INFORMATION_FORMAT = "dwarf-with-dsym";
				ENABLE_NS_ASSERTIONS = NO;
				ENABLE_STRICT_OBJC_MSGSEND = YES;
				GCC_C_LANGUAGE_STANDARD = gnu11;
				GCC_NO_COMMON_BLOCKS = YES;
				GCC_WARN_64_TO_32_BIT_CONVERSION = YES;
				GCC_WARN_ABOUT_RETURN_TYPE = YES_ERROR;
				GCC_WARN_UNDECLARED_SELECTOR = YES;
				GCC_WARN_UNINITIALIZED_AUTOS = YES_AGGRESSIVE;
				GCC_WARN_UNUSED_FUNCTION = YES;
				GCC_WARN_UNUSED_VARIABLE = YES;
				IPHONEOS_DEPLOYMENT_TARGET = 14.4;
				MTL_ENABLE_DEBUG_INFO = NO;
				MTL_FAST_MATH = YES;
				SDKROOT = iphoneos;
				SWIFT_COMPILATION_MODE = wholemodule;
				SWIFT_OPTIMIZATION_LEVEL = "-O";
				VALIDATE_PRODUCT = YES;
			};
			name = Release;
		};
		55FCC0E225F0499E009CE20A /* Debug */ = {
			isa = XCBuildConfiguration;
			buildSettings = {
				ASSETCATALOG_COMPILER_APPICON_NAME = AppIcon;
				ASSETCATALOG_COMPILER_GLOBAL_ACCENT_COLOR_NAME = AccentColor;
				CODE_SIGN_STYLE = Automatic;
				DEVELOPMENT_ASSET_PATHS = "\"ConwaysGameOfLife/Preview Content\"";
				DEVELOPMENT_TEAM = Z5W8BWK25N;
				ENABLE_PREVIEWS = YES;
				INFOPLIST_FILE = ConwaysGameOfLife/Info.plist;
				LD_RUNPATH_SEARCH_PATHS = (
					"$(inherited)",
					"@executable_path/Frameworks",
				);
				PRODUCT_BUNDLE_IDENTIFIER = jyarley.ConwaysGameOfLife;
				PRODUCT_NAME = "$(TARGET_NAME)";
				SWIFT_VERSION = 5.0;
				TARGETED_DEVICE_FAMILY = 1;
			};
			name = Debug;
		};
		55FCC0E325F0499E009CE20A /* Release */ = {
			isa = XCBuildConfiguration;
			buildSettings = {
				ASSETCATALOG_COMPILER_APPICON_NAME = AppIcon;
				ASSETCATALOG_COMPILER_GLOBAL_ACCENT_COLOR_NAME = AccentColor;
				CODE_SIGN_STYLE = Automatic;
				DEVELOPMENT_ASSET_PATHS = "\"ConwaysGameOfLife/Preview Content\"";
				DEVELOPMENT_TEAM = Z5W8BWK25N;
				ENABLE_PREVIEWS = YES;
				INFOPLIST_FILE = ConwaysGameOfLife/Info.plist;
				LD_RUNPATH_SEARCH_PATHS = (
					"$(inherited)",
					"@executable_path/Frameworks",
				);
				PRODUCT_BUNDLE_IDENTIFIER = jyarley.ConwaysGameOfLife;
				PRODUCT_NAME = "$(TARGET_NAME)";
				SWIFT_VERSION = 5.0;
				TARGETED_DEVICE_FAMILY = 1;
			};
			name = Release;
		};
/* End XCBuildConfiguration section */

/* Begin XCConfigurationList section */
		55FCC0C825F0499D009CE20A /* Build configuration list for PBXProject "ConwaysGameOfLife" */ = {
			isa = XCConfigurationList;
			buildConfigurations = (
				55FCC0DF25F0499E009CE20A /* Debug */,
				55FCC0E025F0499E009CE20A /* Release */,
			);
			defaultConfigurationIsVisible = 0;
			defaultConfigurationName = Release;
		};
		55FCC0E125F0499E009CE20A /* Build configuration list for PBXNativeTarget "ConwaysGameOfLife" */ = {
			isa = XCConfigurationList;
			buildConfigurations = (
				55FCC0E225F0499E009CE20A /* Debug */,
				55FCC0E325F0499E009CE20A /* Release */,
			);
			defaultConfigurationIsVisible = 0;
			defaultConfigurationName = Release;
		};
/* End XCConfigurationList section */
	};
	rootObject = 55FCC0C525F0499D009CE20A /* Project object */;
}
